<?xml version="1.0" encoding="UTF-8" standalone="yes" ?>
<CodeBlocks_project_file>
	<FileVersion major="1" minor="6" />
	<Project>
		<Option title="GlobalServer" />
		<Option pch_mode="2" />
		<Option compiler="gcc" />
		<Build>
			<Target title="Debug">
				<Option output="bin/Debug/GlobalServer" prefix_auto="1" extension_auto="1" />
				<Option object_output="obj/Debug/" />
				<Option type="1" />
				<Option compiler="gcc" />
				<Compiler>
					<Add option="-std=c++0x" />
					<Add option="-g" />
				</Compiler>
			</Target>
			<Target title="Release">
				<Option output="bin/Release/GlobalServer" prefix_auto="1" extension_auto="1" />
				<Option object_output="obj/Release/" />
				<Option type="1" />
				<Option compiler="gcc" />
				<Compiler>
					<Add option="-Os" />
				</Compiler>
				<Linker>
					<Add option="-s" />
				</Linker>
			</Target>
		</Build>
		<Compiler>
			<Add option="-Wall" />
			<Add directory="../meteor-falls-src/libs/rapidxml" />
		</Compiler>
		<Linker>
			<Add option="-lboost_system" />
			<Add option="-lboost_serialization" />
			<Add option="-lssl" />
			<Add option="-lboost_thread" />
			<Add option="-lpthread" />
			<Add option="-lcrypto" />
			<Add option="-lcrypt" />
			<Add option="-lmysqld" />
			<Add option="-ldl" />
			<Add option="-lz" />
			<Add option="-lrt" />
		</Linker>
		<Unit filename="src/Admin.cpp" />
		<Unit filename="src/Admin.h" />
		<Unit filename="src/Connection.cpp" />
		<Unit filename="src/Creator.cpp" />
		<Unit filename="src/Creator.h" />
		<Unit filename="src/GlobalServer.cpp" />
		<Unit filename="src/GlobalServer.h" />
		<Unit filename="src/Player.cpp" />
		<Unit filename="src/Player.h" />
		<Unit filename="src/Server.cpp" />
		<Unit filename="src/Server.h" />
		<Unit filename="src/ServerGlobalMessage.h" />
		<Unit filename="src/SslConnection.cpp" />
		<Unit filename="src/main.cpp" />
		<Extensions>
			<envvars />
			<code_completion />
			<lib_finder disable_auto="1" />
			<debugger />
		</Extensions>
	</Project>
</CodeBlocks_project_file>
