<?xml version="1.0" encoding="UTF-8" standalone="yes" ?>
<CodeBlocks_project_file>
	<FileVersion major="1" minor="6" />
	<Project>
		<Option title="GlobalServer" />
		<Option pch_mode="2" />
		<Option compiler="gcc" />
		<Build>
			<Target title="Debug">
				<Option output="bin/Debug/GlobalServer" prefix_auto="1" extension_auto="1" />
				<Option object_output="obj/Debug/" />
				<Option type="1" />
				<Option compiler="gcc" />
				<Compiler>
					<Add option="-std=c++0x" />
					<Add option="-g" />
				</Compiler>
			</Target>
			<Target title="Release">
				<Option output="bin/Release/GlobalServer" prefix_auto="1" extension_auto="1" />
				<Option object_output="obj/Release/" />
				<Option type="1" />
				<Option compiler="gcc" />
				<Compiler>
					<Add option="-O2" />
				</Compiler>
				<Linker>
					<Add option="-s" />
				</Linker>
			</Target>
		</Build>
		<Compiler>
			<Add option="-Wall" />
			<Add directory="../meteor-falls-src/libs/rapidxml" />
		</Compiler>
		<Linker>
			<Add option="-lOgreMain" />
			<Add option="-lOIS" />
			<Add option="-lsfml-audio" />
			<Add option="-lsfml-system" />
			<Add option="-lCEGUIBase" />
			<Add option="-lCEGUIOgreRenderer" />
			<Add option="-lboost_system" />
			<Add option="-lboost_serialization" />
			<Add option="-lssl" />
			<Add option="-lozcollide" />
			<Add option="-lboost_thread" />
			<Add option="-lboost_unit_test_framework" />
			<Add option="-lpthread" />
			<Add option="-lcrypto" />
		</Linker>
		<Unit filename="src/BasicException.cpp" />
		<Unit filename="src/ClientNetworkEngineLan.cpp" />
		<Unit filename="src/Connection.cpp" />
		<Unit filename="src/EngineManager.cpp" />
		<Unit filename="src/EngineMessage.cpp" />
		<Unit filename="src/FileNotFound.cpp" />
		<Unit filename="src/GameEngine.cpp" />
		<Unit filename="src/GlobalServer.cpp" />
		<Unit filename="src/GlobalServer.h" />
		<Unit filename="src/GraphicEngine.cpp" />
		<Unit filename="src/Map.cpp" />
		<Unit filename="src/NetworkEngine.cpp" />
		<Unit filename="src/NetworkIpAdressFinder.cpp" />
		<Unit filename="src/OgreApplication.cpp" />
		<Unit filename="src/OgreWindowInputManager.cpp" />
		<Unit filename="src/Server.cpp" />
		<Unit filename="src/Server.h" />
		<Unit filename="src/ServerClient.cpp" />
		<Unit filename="src/ServerGlobalMessage.h" />
		<Unit filename="src/ServerNetworkEngine.cpp" />
		<Unit filename="src/SslConnection.cpp" />
		<Unit filename="src/TcpConnection.cpp" />
		<Unit filename="src/UdpConnection.cpp" />
		<Unit filename="src/XmlDocumentManager.cpp" />
		<Unit filename="src/clientnetworkengine.cpp" />
		<Unit filename="src/main.cpp" />
		<Unit filename="src/ogrecontextmanager.cpp" />
		<Extensions>
			<envvars />
			<code_completion />
			<lib_finder disable_auto="1" />
			<debugger />
		</Extensions>
	</Project>
</CodeBlocks_project_file>
