<?xml version="1.0" encoding="UTF-8" standalone="yes" ?>
<CodeBlocks_project_file>
	<FileVersion major="1" minor="6" />
	<Project>
		<Option title="meteor-falls-src" />
		<Option pch_mode="2" />
		<Option compiler="gcc" />
		<Build>
			<Target title="Debug">
				<Option output="../build/Debug/meteor-falls-src" prefix_auto="1" extension_auto="1" />
				<Option working_dir="../build/" />
				<Option object_output="../obj/Debug/" />
				<Option type="1" />
				<Option compiler="gcc" />
				<Compiler>
					<Add option="-g" />
					<Add option="`pkg-config --cflags OGRE`" />
					<Add option="-DDEBUG" />
				</Compiler>
			</Target>
			<Target title="Release">
				<Option output="../build/Release/meteor-falls-src" prefix_auto="1" extension_auto="1" />
				<Option working_dir="../build/" />
				<Option object_output="../obj/Release/" />
				<Option type="1" />
				<Option compiler="gcc" />
				<Compiler>
					<Add option="-O2" />
					<Add option="-DRELEASE" />
				</Compiler>
				<Linker>
					<Add option="-s" />
				</Linker>
			</Target>
			<Target title="UnitTest">
				<Option output="../build/UnitTest/meteor-falls-src" prefix_auto="1" extension_auto="1" />
				<Option working_dir="../build/" />
				<Option object_output="../obj/UnitTest/" />
				<Option type="1" />
				<Option compiler="gcc" />
				<Compiler>
					<Add option="-g" />
					<Add option="-DUNIT_TEST" />
				</Compiler>
				<Linker>
					<Add option="-lboost_unit_test_framework" />
				</Linker>
			</Target>
		</Build>
		<Compiler>
			<Add option="-std=c++0x" />
			<Add option="-Wall" />
			<Add option="-fexceptions" />
			<Add option="`pkg-config --cflags OGRE`" />
			<Add directory="src" />
			<Add directory="libs/ozcollidelib_1-1-1/include" />
			<Add directory="libs/rapidxml" />
		</Compiler>
		<Linker>
			<Add option="-lOgreMain" />
			<Add option="-lOgreTerrain" />
			<Add option="-lOIS" />
			<Add option="-lsfml-audio" />
			<Add option="-lsfml-system" />
			<Add option="-lCEGUIBase" />
			<Add option="-lCEGUIOgreRenderer" />
			<Add option="-lboost_system" />
			<Add option="-lboost_serialization" />
			<Add option="-lssl" />
			<Add option="-lozcollide" />
			<Add option="-lboost_thread" />
			<Add option="-lboost_unit_test_framework" />
		</Linker>
		<Unit filename="src/Application/application.cpp" />
		<Unit filename="src/Application/application.h" />
		<Unit filename="src/Application/applicationparameters.cpp" />
		<Unit filename="src/Application/applicationparameters.h" />
		<Unit filename="src/Application/parameterparserexception.cpp" />
		<Unit filename="src/Application/parameterparserexception.h" />
		<Unit filename="src/Engine/Engine.h" />
		<Unit filename="src/Engine/EngineManager/EngineManager.cpp" />
		<Unit filename="src/Engine/EngineManager/EngineManager.h" />
		<Unit filename="src/Engine/EngineMessage/EngineMessage.cpp" />
		<Unit filename="src/Engine/EngineMessage/EngineMessage.h" />
		<Unit filename="src/Engine/EngineMessage/EngineMessageKey.h" />
		<Unit filename="src/Engine/EngineMessage/EngineMessageType.h" />
		<Unit filename="src/Engine/EngineType.h" />
		<Unit filename="src/Engine/GameEngine/Camera/Camera.cpp" />
		<Unit filename="src/Engine/GameEngine/Camera/Camera.h" />
		<Unit filename="src/Engine/GameEngine/Camera/CameraFPS.cpp" />
		<Unit filename="src/Engine/GameEngine/Camera/CameraFPS.h" />
		<Unit filename="src/Engine/GameEngine/Camera/CameraRTS.cpp" />
		<Unit filename="src/Engine/GameEngine/Camera/CameraRTS.h" />
		<Unit filename="src/Engine/GameEngine/Degats/Armure.cpp" />
		<Unit filename="src/Engine/GameEngine/Degats/Armure.h" />
		<Unit filename="src/Engine/GameEngine/Degats/Degat.cpp" />
		<Unit filename="src/Engine/GameEngine/Degats/Degat.h" />
		<Unit filename="src/Engine/GameEngine/Degats/DegatManager.cpp" />
		<Unit filename="src/Engine/GameEngine/Degats/DegatManager.h" />
		<Unit filename="src/Engine/GameEngine/Degats/typedefs.h" />
		<Unit filename="src/Engine/GameEngine/Equipe.cpp" />
		<Unit filename="src/Engine/GameEngine/Equipe.h" />
		<Unit filename="src/Engine/GameEngine/Faction.cpp" />
		<Unit filename="src/Engine/GameEngine/Faction.h" />
		<Unit filename="src/Engine/GameEngine/GameEngine.cpp" />
		<Unit filename="src/Engine/GameEngine/GameEngine.h" />
		<Unit filename="src/Engine/GameEngine/Joueur/Joueur.cpp" />
		<Unit filename="src/Engine/GameEngine/Joueur/Joueur.h" />
		<Unit filename="src/Engine/GameEngine/Joueur/JoueurRPG.cpp" />
		<Unit filename="src/Engine/GameEngine/Joueur/JoueurRPG.h" />
		<Unit filename="src/Engine/GameEngine/Joueur/JoueurRTS.cpp" />
		<Unit filename="src/Engine/GameEngine/Joueur/JoueurRTS.h" />
		<Unit filename="src/Engine/GameEngine/Map.cpp" />
		<Unit filename="src/Engine/GameEngine/Map.h" />
		<Unit filename="src/Engine/GameEngine/ObjetTerrain.cpp" />
		<Unit filename="src/Engine/GameEngine/ObjetTerrain.h" />
		<Unit filename="src/Engine/GameEngine/Recherche.cpp" />
		<Unit filename="src/Engine/GameEngine/Recherche.h" />
		<Unit filename="src/Engine/GameEngine/Unites/Aerien.cpp" />
		<Unit filename="src/Engine/GameEngine/Unites/Aerien.h" />
		<Unit filename="src/Engine/GameEngine/Unites/Batiment.cpp" />
		<Unit filename="src/Engine/GameEngine/Unites/Batiment.h" />
		<Unit filename="src/Engine/GameEngine/Unites/Hero.cpp" />
		<Unit filename="src/Engine/GameEngine/Unites/Hero.h" />
		<Unit filename="src/Engine/GameEngine/Unites/Mobile.cpp" />
		<Unit filename="src/Engine/GameEngine/Unites/Mobile.h" />
		<Unit filename="src/Engine/GameEngine/Unites/Terrestre.cpp" />
		<Unit filename="src/Engine/GameEngine/Unites/Terrestre.h" />
		<Unit filename="src/Engine/GameEngine/Unites/TypeUnite.cpp" />
		<Unit filename="src/Engine/GameEngine/Unites/TypeUnite.h" />
		<Unit filename="src/Engine/GameEngine/Unites/Unite.cpp" />
		<Unit filename="src/Engine/GameEngine/Unites/Unite.h" />
		<Unit filename="src/Engine/GameEngine/Unites/UniteFactory.cpp" />
		<Unit filename="src/Engine/GameEngine/Unites/UniteFactory.h" />
		<Unit filename="src/Engine/GraphicEngine/GraphicEngine.cpp" />
		<Unit filename="src/Engine/GraphicEngine/GraphicEngine.h" />
		<Unit filename="src/Engine/GraphicEngine/Ogre/GetMeshInformation.cpp" />
		<Unit filename="src/Engine/GraphicEngine/Ogre/GetMeshInformation.h" />
		<Unit filename="src/Engine/GraphicEngine/Ogre/OgreApplication.cpp" />
		<Unit filename="src/Engine/GraphicEngine/Ogre/OgreApplication.h" />
		<Unit filename="src/Engine/GraphicEngine/Ogre/OgreWindowInputManager.cpp" />
		<Unit filename="src/Engine/GraphicEngine/Ogre/OgreWindowInputManager.h" />
		<Unit filename="src/Engine/GraphicEngine/Ogre/ogrecontextmanager.cpp" />
		<Unit filename="src/Engine/GraphicEngine/Ogre/ogrecontextmanager.h" />
		<Unit filename="src/Engine/NetworkEngine/ClientNetworkEngineLan.cpp" />
		<Unit filename="src/Engine/NetworkEngine/ClientNetworkEngineLan.h" />
		<Unit filename="src/Engine/NetworkEngine/Connection.cpp" />
		<Unit filename="src/Engine/NetworkEngine/Connection.h" />
		<Unit filename="src/Engine/NetworkEngine/NetworkEngine.cpp" />
		<Unit filename="src/Engine/NetworkEngine/NetworkEngine.h" />
		<Unit filename="src/Engine/NetworkEngine/NetworkIpAdressFinder.cpp" />
		<Unit filename="src/Engine/NetworkEngine/NetworkIpAdressFinder.h" />
		<Unit filename="src/Engine/NetworkEngine/NetworkMainTest.cpp">
			<Option target="Server" />
			<Option target="Client" />
		</Unit>
		<Unit filename="src/Engine/NetworkEngine/ServerClient.cpp" />
		<Unit filename="src/Engine/NetworkEngine/ServerClient.h" />
		<Unit filename="src/Engine/NetworkEngine/ServerNetworkEngine.cpp" />
		<Unit filename="src/Engine/NetworkEngine/ServerNetworkEngine.h" />
		<Unit filename="src/Engine/NetworkEngine/SslConnection.cpp" />
		<Unit filename="src/Engine/NetworkEngine/SslConnection.h" />
		<Unit filename="src/Engine/NetworkEngine/TcpConnection.cpp" />
		<Unit filename="src/Engine/NetworkEngine/TcpConnection.h" />
		<Unit filename="src/Engine/NetworkEngine/UdpConnection.cpp" />
		<Unit filename="src/Engine/NetworkEngine/UdpConnection.h" />
		<Unit filename="src/Engine/NetworkEngine/clientnetworkengine.cpp" />
		<Unit filename="src/Engine/NetworkEngine/clientnetworkengine.h" />
		<Unit filename="src/Engine/PhysicalEngine/PhysicalEngine.cpp" />
		<Unit filename="src/Engine/PhysicalEngine/PhysicalEngine.h" />
		<Unit filename="src/Engine/ScriptEngine/ScriptEngine.cpp" />
		<Unit filename="src/Engine/ScriptEngine/ScriptEngine.h" />
		<Unit filename="src/Engine/ScriptEngine/XmlDocumentManager.cpp" />
		<Unit filename="src/Engine/ScriptEngine/XmlDocumentManager.h" />
		<Unit filename="src/Engine/SoundEngine/Fade.cpp" />
		<Unit filename="src/Engine/SoundEngine/Fade.h" />
		<Unit filename="src/Engine/SoundEngine/Playlist.cpp" />
		<Unit filename="src/Engine/SoundEngine/Playlist.h" />
		<Unit filename="src/Engine/SoundEngine/SoundEngine.cpp" />
		<Unit filename="src/Engine/SoundEngine/SoundEngine.h" />
		<Unit filename="src/Engine/SoundEngine/soundbuffermanager.cpp" />
		<Unit filename="src/Engine/SoundEngine/soundbuffermanager.h" />
		<Unit filename="src/InputListener.h" />
		<Unit filename="src/State/Game/GameState.cpp" />
		<Unit filename="src/State/Game/GameState.h" />
		<Unit filename="src/State/Menu/MenuState.cpp" />
		<Unit filename="src/State/Menu/MenuState.h" />
		<Unit filename="src/State/State.cpp" />
		<Unit filename="src/State/State.h" />
		<Unit filename="src/State/StateManager.cpp" />
		<Unit filename="src/State/StateManager.h" />
		<Unit filename="src/UnitTest/Tests/ApplicationParametersTest.cpp" />
		<Unit filename="src/UnitTest/Tests/NetworkEngineTest.cpp" />
		<Unit filename="src/UnitTest/Tests/SoundEngineTest.cpp" />
		<Unit filename="src/UnitTest/UnitTest.h" />
		<Unit filename="src/Utils/DataChecksum.cpp" />
		<Unit filename="src/Utils/DataChecksum.h" />
		<Unit filename="src/Utils/Exception/BasicException.cpp" />
		<Unit filename="src/Utils/Exception/BasicException.h" />
		<Unit filename="src/Utils/Exception/FileNotFound.cpp" />
		<Unit filename="src/Utils/Exception/FileNotFound.h" />
		<Unit filename="src/Utils/Vector3D.h" />
		<Unit filename="src/Utils/singleton.h" />
		<Unit filename="src/main.cpp" />
		<Unit filename="src/version.h" />
		<Extensions>
			<code_completion />
			<envvars />
			<debugger />
			<DoxyBlocks>
				<comment_style block="0" line="0" />
				<doxyfile_project />
				<doxyfile_build />
				<doxyfile_warnings />
				<doxyfile_output />
				<doxyfile_dot />
				<general />
			</DoxyBlocks>
		</Extensions>
	</Project>
</CodeBlocks_project_file>
