<?xml version="1.0" encoding="UTF-8" standalone="yes" ?>
<CodeBlocks_project_file>
   <FileVersion major="1" minor="6" />
   <Project>
      <Option title="MeteorFalls" />
      <Option makefile_is_custom="1" />
      <Option compiler="gcc" />
      <Option virtualFolders="CMake Files\;" />
      <Build>
      <Target title="all">
         <Option working_dir="/home/zequiel/software/c++/meteor-falls/meteor-falls-src" />
         <Option type="4" />
         <MakeCommands>
            <Build command="/usr/bin/make -f &quot;/home/zequiel/software/c++/meteor-falls/meteor-falls-src/Makefile&quot;  VERBOSE=1 all" />
            <CompileFile command="/usr/bin/make -f &quot;/home/zequiel/software/c++/meteor-falls/meteor-falls-src/Makefile&quot;  VERBOSE=1 &quot;$file&quot;" />
            <Clean command="/usr/bin/make -f &quot;/home/zequiel/software/c++/meteor-falls/meteor-falls-src/Makefile&quot;  VERBOSE=1 clean" />
            <DistClean command="/usr/bin/make -f &quot;/home/zequiel/software/c++/meteor-falls/meteor-falls-src/Makefile&quot;  VERBOSE=1 clean" />
         </MakeCommands>
      </Target>
      <Target title="meteor-falls">
         <Option output="/home/zequiel/software/c++/meteor-falls/build/meteor-falls" prefix_auto="0" extension_auto="0" />
         <Option working_dir="../build/" />
         <Option object_output="./" />
         <Option type="1" />
         <Option compiler="gcc" />
         <Compiler>
            <Add directory="/home/zequiel/software/c++/meteor-falls/meteor-falls-src/libs/ozcollidelib_1-1-1/include" />
            <Add directory="/home/zequiel/software/c++/meteor-falls/meteor-falls-src/libs/rapidxml" />
            <Add directory="/home/zequiel/software/c++/meteor-falls/meteor-falls-src/src" />
            <Add directory="/usr/include" />
            <Add directory="/usr/include/CEGUI" />
            <Add directory="/usr/include/OGRE" />
            <Add directory="/usr/include/bullet" />
            <Add directory="/usr/lib/gcc/x86_64-unknown-linux-gnu/4.7.2/../../../../include/c++/4.7.2" />
            <Add directory="/usr/lib/gcc/x86_64-unknown-linux-gnu/4.7.2/../../../../include/c++/4.7.2/backward" />
            <Add directory="/usr/lib/gcc/x86_64-unknown-linux-gnu/4.7.2/../../../../include/c++/4.7.2/x86_64-unknown-linux-gnu" />
            <Add directory="/usr/lib/gcc/x86_64-unknown-linux-gnu/4.7.2/include" />
            <Add directory="/usr/lib/gcc/x86_64-unknown-linux-gnu/4.7.2/include-fixed" />
            <Add directory="/usr/local/include" />
            <Add directory="/usr/local/include/OGRE" />
         </Compiler>
         <MakeCommands>
            <Build command="/usr/bin/make -f &quot;/home/zequiel/software/c++/meteor-falls/meteor-falls-src/Makefile&quot;  VERBOSE=1 meteor-falls" />
            <CompileFile command="/usr/bin/make -f &quot;/home/zequiel/software/c++/meteor-falls/meteor-falls-src/Makefile&quot;  VERBOSE=1 &quot;$file&quot;" />
            <Clean command="/usr/bin/make -f &quot;/home/zequiel/software/c++/meteor-falls/meteor-falls-src/Makefile&quot;  VERBOSE=1 clean" />
            <DistClean command="/usr/bin/make -f &quot;/home/zequiel/software/c++/meteor-falls/meteor-falls-src/Makefile&quot;  VERBOSE=1 clean" />
         </MakeCommands>
      </Target>
      <Target title="meteor-falls/fast">
         <Option output="/home/zequiel/software/c++/meteor-falls/build/meteor-falls" prefix_auto="0" extension_auto="0" />
         <Option working_dir="../build/" />
         <Option object_output="./" />
         <Option type="1" />
         <Option compiler="gcc" />
         <Compiler>
            <Add directory="/home/zequiel/software/c++/meteor-falls/meteor-falls-src/libs/ozcollidelib_1-1-1/include" />
            <Add directory="/home/zequiel/software/c++/meteor-falls/meteor-falls-src/libs/rapidxml" />
            <Add directory="/home/zequiel/software/c++/meteor-falls/meteor-falls-src/src" />
            <Add directory="/usr/include" />
            <Add directory="/usr/include/CEGUI" />
            <Add directory="/usr/include/OGRE" />
            <Add directory="/usr/include/bullet" />
            <Add directory="/usr/lib/gcc/x86_64-unknown-linux-gnu/4.7.2/../../../../include/c++/4.7.2" />
            <Add directory="/usr/lib/gcc/x86_64-unknown-linux-gnu/4.7.2/../../../../include/c++/4.7.2/backward" />
            <Add directory="/usr/lib/gcc/x86_64-unknown-linux-gnu/4.7.2/../../../../include/c++/4.7.2/x86_64-unknown-linux-gnu" />
            <Add directory="/usr/lib/gcc/x86_64-unknown-linux-gnu/4.7.2/include" />
            <Add directory="/usr/lib/gcc/x86_64-unknown-linux-gnu/4.7.2/include-fixed" />
            <Add directory="/usr/local/include" />
            <Add directory="/usr/local/include/OGRE" />
         </Compiler>
         <MakeCommands>
            <Build command="/usr/bin/make -f &quot;/home/zequiel/software/c++/meteor-falls/meteor-falls-src/Makefile&quot;  VERBOSE=1 meteor-falls/fast" />
            <CompileFile command="/usr/bin/make -f &quot;/home/zequiel/software/c++/meteor-falls/meteor-falls-src/Makefile&quot;  VERBOSE=1 &quot;$file&quot;" />
            <Clean command="/usr/bin/make -f &quot;/home/zequiel/software/c++/meteor-falls/meteor-falls-src/Makefile&quot;  VERBOSE=1 clean" />
            <DistClean command="/usr/bin/make -f &quot;/home/zequiel/software/c++/meteor-falls/meteor-falls-src/Makefile&quot;  VERBOSE=1 clean" />
         </MakeCommands>
      </Target>
      <Target title="rebuild_cache">
         <Option working_dir="/home/zequiel/software/c++/meteor-falls/meteor-falls-src" />
         <Option type="4" />
         <MakeCommands>
            <Build command="/usr/bin/make -f &quot;/home/zequiel/software/c++/meteor-falls/meteor-falls-src/Makefile&quot;  VERBOSE=1 rebuild_cache" />
            <CompileFile command="/usr/bin/make -f &quot;/home/zequiel/software/c++/meteor-falls/meteor-falls-src/Makefile&quot;  VERBOSE=1 &quot;$file&quot;" />
            <Clean command="/usr/bin/make -f &quot;/home/zequiel/software/c++/meteor-falls/meteor-falls-src/Makefile&quot;  VERBOSE=1 clean" />
            <DistClean command="/usr/bin/make -f &quot;/home/zequiel/software/c++/meteor-falls/meteor-falls-src/Makefile&quot;  VERBOSE=1 clean" />
         </MakeCommands>
      </Target>
      </Build>
      <Unit filename="/home/zequiel/software/c++/meteor-falls/GlobalServer/src/Admin.cpp">
      </Unit>
      <Unit filename="/home/zequiel/software/c++/meteor-falls/GlobalServer/src/Player.cpp">
      </Unit>
      <Unit filename="/home/zequiel/software/c++/meteor-falls/GlobalServer/src/Server.cpp">
      </Unit>
      <Unit filename="/home/zequiel/software/c++/meteor-falls/meteor-falls-src/src/Application/application.cpp">
      </Unit>
      <Unit filename="/home/zequiel/software/c++/meteor-falls/meteor-falls-src/src/Application/applicationparameters.cpp">
      </Unit>
      <Unit filename="/home/zequiel/software/c++/meteor-falls/meteor-falls-src/src/Application/parameterparserexception.cpp">
      </Unit>
      <Unit filename="/home/zequiel/software/c++/meteor-falls/meteor-falls-src/src/Engine/EngineManager/EngineManager.cpp">
      </Unit>
      <Unit filename="/home/zequiel/software/c++/meteor-falls/meteor-falls-src/src/Engine/EngineMessage/EngineMessage.cpp">
      </Unit>
      <Unit filename="/home/zequiel/software/c++/meteor-falls/meteor-falls-src/src/Engine/GameEngine/Camera/Camera.cpp">
      </Unit>
      <Unit filename="/home/zequiel/software/c++/meteor-falls/meteor-falls-src/src/Engine/GameEngine/Camera/CameraFPS.cpp">
      </Unit>
      <Unit filename="/home/zequiel/software/c++/meteor-falls/meteor-falls-src/src/Engine/GameEngine/Camera/CameraLibre.cpp">
      </Unit>
      <Unit filename="/home/zequiel/software/c++/meteor-falls/meteor-falls-src/src/Engine/GameEngine/Camera/CameraManager.cpp">
      </Unit>
      <Unit filename="/home/zequiel/software/c++/meteor-falls/meteor-falls-src/src/Engine/GameEngine/Camera/CameraRPG.cpp">
      </Unit>
      <Unit filename="/home/zequiel/software/c++/meteor-falls/meteor-falls-src/src/Engine/GameEngine/Camera/CameraRTS.cpp">
      </Unit>
      <Unit filename="/home/zequiel/software/c++/meteor-falls/meteor-falls-src/src/Engine/GameEngine/ClientGameEngine.cpp">
      </Unit>
      <Unit filename="/home/zequiel/software/c++/meteor-falls/meteor-falls-src/src/Engine/GameEngine/Degats/Armure.cpp">
      </Unit>
      <Unit filename="/home/zequiel/software/c++/meteor-falls/meteor-falls-src/src/Engine/GameEngine/Degats/Degat.cpp">
      </Unit>
      <Unit filename="/home/zequiel/software/c++/meteor-falls/meteor-falls-src/src/Engine/GameEngine/Degats/DegatManager.cpp">
      </Unit>
      <Unit filename="/home/zequiel/software/c++/meteor-falls/meteor-falls-src/src/Engine/GameEngine/Factions/Equipe.cpp">
      </Unit>
      <Unit filename="/home/zequiel/software/c++/meteor-falls/meteor-falls-src/src/Engine/GameEngine/Factions/Faction.cpp">
      </Unit>
      <Unit filename="/home/zequiel/software/c++/meteor-falls/meteor-falls-src/src/Engine/GameEngine/Factions/FactionManager.cpp">
      </Unit>
      <Unit filename="/home/zequiel/software/c++/meteor-falls/meteor-falls-src/src/Engine/GameEngine/GameEngine.cpp">
      </Unit>
      <Unit filename="/home/zequiel/software/c++/meteor-falls/meteor-falls-src/src/Engine/GameEngine/Heros/Avatar.cpp">
      </Unit>
      <Unit filename="/home/zequiel/software/c++/meteor-falls/meteor-falls-src/src/Engine/GameEngine/Heros/ClasseHero.cpp">
      </Unit>
      <Unit filename="/home/zequiel/software/c++/meteor-falls/meteor-falls-src/src/Engine/GameEngine/Heros/ClasseHeroManager.cpp">
      </Unit>
      <Unit filename="/home/zequiel/software/c++/meteor-falls/meteor-falls-src/src/Engine/GameEngine/Heros/Hero.cpp">
      </Unit>
      <Unit filename="/home/zequiel/software/c++/meteor-falls/meteor-falls-src/src/Engine/GameEngine/Heros/HeroView.cpp">
      </Unit>
      <Unit filename="/home/zequiel/software/c++/meteor-falls/meteor-falls-src/src/Engine/GameEngine/Interface/Chat.cpp">
      </Unit>
      <Unit filename="/home/zequiel/software/c++/meteor-falls/meteor-falls-src/src/Engine/GameEngine/Joueur/Joueur.cpp">
      </Unit>
      <Unit filename="/home/zequiel/software/c++/meteor-falls/meteor-falls-src/src/Engine/GameEngine/Joueur/JoueurLan.cpp">
      </Unit>
      <Unit filename="/home/zequiel/software/c++/meteor-falls/meteor-falls-src/src/Engine/GameEngine/Joueur/JoueurRPG.cpp">
      </Unit>
      <Unit filename="/home/zequiel/software/c++/meteor-falls/meteor-falls-src/src/Engine/GameEngine/Joueur/JoueurRTS.cpp">
      </Unit>
      <Unit filename="/home/zequiel/software/c++/meteor-falls/meteor-falls-src/src/Engine/GameEngine/Joueur/JoueurWan.cpp">
      </Unit>
      <Unit filename="/home/zequiel/software/c++/meteor-falls/meteor-falls-src/src/Engine/GameEngine/Layout/layoutRPG.cpp">
      </Unit>
      <Unit filename="/home/zequiel/software/c++/meteor-falls/meteor-falls-src/src/Engine/GameEngine/Layout/layoutRTS.cpp">
      </Unit>
      <Unit filename="/home/zequiel/software/c++/meteor-falls/meteor-falls-src/src/Engine/GameEngine/Map/Map.cpp">
      </Unit>
      <Unit filename="/home/zequiel/software/c++/meteor-falls/meteor-falls-src/src/Engine/GameEngine/Map/MapView.cpp">
      </Unit>
      <Unit filename="/home/zequiel/software/c++/meteor-falls/meteor-falls-src/src/Engine/GameEngine/Map/ObjetTerrain.cpp">
      </Unit>
      <Unit filename="/home/zequiel/software/c++/meteor-falls/meteor-falls-src/src/Engine/GameEngine/Map/WorldObject.cpp">
      </Unit>
      <Unit filename="/home/zequiel/software/c++/meteor-falls/meteor-falls-src/src/Engine/GameEngine/Map/WorldObjectManager.cpp">
      </Unit>
      <Unit filename="/home/zequiel/software/c++/meteor-falls/meteor-falls-src/src/Engine/GameEngine/Map/WorldObjectType.cpp">
      </Unit>
      <Unit filename="/home/zequiel/software/c++/meteor-falls/meteor-falls-src/src/Engine/GameEngine/Map/WorldObjectView.cpp">
      </Unit>
      <Unit filename="/home/zequiel/software/c++/meteor-falls/meteor-falls-src/src/Engine/GameEngine/Preface/SpawnState.cpp">
      </Unit>
      <Unit filename="/home/zequiel/software/c++/meteor-falls/meteor-falls-src/src/Engine/GameEngine/Preface/TeamList.cpp">
      </Unit>
      <Unit filename="/home/zequiel/software/c++/meteor-falls/meteor-falls-src/src/Engine/GameEngine/Preface/TeamState.cpp">
      </Unit>
      <Unit filename="/home/zequiel/software/c++/meteor-falls/meteor-falls-src/src/Engine/GameEngine/Recherches/Recherche.cpp">
      </Unit>
      <Unit filename="/home/zequiel/software/c++/meteor-falls/meteor-falls-src/src/Engine/GameEngine/Ressources/Ressources.cpp">
      </Unit>
      <Unit filename="/home/zequiel/software/c++/meteor-falls/meteor-falls-src/src/Engine/GameEngine/ServerGameEngine.cpp">
      </Unit>
      <Unit filename="/home/zequiel/software/c++/meteor-falls/meteor-falls-src/src/Engine/GameEngine/Unites/Aerien.cpp">
      </Unit>
      <Unit filename="/home/zequiel/software/c++/meteor-falls/meteor-falls-src/src/Engine/GameEngine/Unites/Batiment.cpp">
      </Unit>
      <Unit filename="/home/zequiel/software/c++/meteor-falls/meteor-falls-src/src/Engine/GameEngine/Unites/BatimentView.cpp">
      </Unit>
      <Unit filename="/home/zequiel/software/c++/meteor-falls/meteor-falls-src/src/Engine/GameEngine/Unites/Builder/BasicUniteBuilder.cpp">
      </Unit>
      <Unit filename="/home/zequiel/software/c++/meteor-falls/meteor-falls-src/src/Engine/GameEngine/Unites/Builder/HeroBuilder.cpp">
      </Unit>
      <Unit filename="/home/zequiel/software/c++/meteor-falls/meteor-falls-src/src/Engine/GameEngine/Unites/ClientUniteFactory.cpp">
      </Unit>
      <Unit filename="/home/zequiel/software/c++/meteor-falls/meteor-falls-src/src/Engine/GameEngine/Unites/Mobile.cpp">
      </Unit>
      <Unit filename="/home/zequiel/software/c++/meteor-falls/meteor-falls-src/src/Engine/GameEngine/Unites/ServerUniteFactory.cpp">
      </Unit>
      <Unit filename="/home/zequiel/software/c++/meteor-falls/meteor-falls-src/src/Engine/GameEngine/Unites/Terrestre.cpp">
      </Unit>
      <Unit filename="/home/zequiel/software/c++/meteor-falls/meteor-falls-src/src/Engine/GameEngine/Unites/TypeUnite.cpp">
      </Unit>
      <Unit filename="/home/zequiel/software/c++/meteor-falls/meteor-falls-src/src/Engine/GameEngine/Unites/Unite.cpp">
      </Unit>
      <Unit filename="/home/zequiel/software/c++/meteor-falls/meteor-falls-src/src/Engine/GameEngine/Unites/UniteFactory.cpp">
      </Unit>
      <Unit filename="/home/zequiel/software/c++/meteor-falls/meteor-falls-src/src/Engine/GameEngine/Unites/UniteView.cpp">
      </Unit>
      <Unit filename="/home/zequiel/software/c++/meteor-falls/meteor-falls-src/src/Engine/GraphicEngine/GraphicEngine.cpp">
      </Unit>
      <Unit filename="/home/zequiel/software/c++/meteor-falls/meteor-falls-src/src/Engine/GraphicEngine/Ogre/GetMeshInformation.cpp">
      </Unit>
      <Unit filename="/home/zequiel/software/c++/meteor-falls/meteor-falls-src/src/Engine/GraphicEngine/Ogre/LoadingListener.cpp">
      </Unit>
      <Unit filename="/home/zequiel/software/c++/meteor-falls/meteor-falls-src/src/Engine/GraphicEngine/Ogre/LoadingScreen.cpp">
      </Unit>
      <Unit filename="/home/zequiel/software/c++/meteor-falls/meteor-falls-src/src/Engine/GraphicEngine/Ogre/OgreApplication.cpp">
      </Unit>
      <Unit filename="/home/zequiel/software/c++/meteor-falls/meteor-falls-src/src/Engine/GraphicEngine/Ogre/OgreWindowInputManager.cpp">
      </Unit>
      <Unit filename="/home/zequiel/software/c++/meteor-falls/meteor-falls-src/src/Engine/GraphicEngine/Ogre/RepeatKey.cpp">
      </Unit>
      <Unit filename="/home/zequiel/software/c++/meteor-falls/meteor-falls-src/src/Engine/GraphicEngine/Ogre/ogrecontextmanager.cpp">
      </Unit>
      <Unit filename="/home/zequiel/software/c++/meteor-falls/meteor-falls-src/src/Engine/NetworkEngine/ClientLogin.cpp">
      </Unit>
      <Unit filename="/home/zequiel/software/c++/meteor-falls/meteor-falls-src/src/Engine/NetworkEngine/ClientNetworkEngineLan.cpp">
      </Unit>
      <Unit filename="/home/zequiel/software/c++/meteor-falls/meteor-falls-src/src/Engine/NetworkEngine/Connection.cpp">
      </Unit>
      <Unit filename="/home/zequiel/software/c++/meteor-falls/meteor-falls-src/src/Engine/NetworkEngine/NetworkEngine.cpp">
      </Unit>
      <Unit filename="/home/zequiel/software/c++/meteor-falls/meteor-falls-src/src/Engine/NetworkEngine/NetworkIpAdressFinder.cpp">
      </Unit>
      <Unit filename="/home/zequiel/software/c++/meteor-falls/meteor-falls-src/src/Engine/NetworkEngine/ServerClient.cpp">
      </Unit>
      <Unit filename="/home/zequiel/software/c++/meteor-falls/meteor-falls-src/src/Engine/NetworkEngine/ServerNetworkEngine.cpp">
      </Unit>
      <Unit filename="/home/zequiel/software/c++/meteor-falls/meteor-falls-src/src/Engine/NetworkEngine/ServerNetworkEngineLan.cpp">
      </Unit>
      <Unit filename="/home/zequiel/software/c++/meteor-falls/meteor-falls-src/src/Engine/NetworkEngine/ServerNetworkEngineWan.cpp">
      </Unit>
      <Unit filename="/home/zequiel/software/c++/meteor-falls/meteor-falls-src/src/Engine/NetworkEngine/SslConnection.cpp">
      </Unit>
      <Unit filename="/home/zequiel/software/c++/meteor-falls/meteor-falls-src/src/Engine/NetworkEngine/TcpConnection.cpp">
      </Unit>
      <Unit filename="/home/zequiel/software/c++/meteor-falls/meteor-falls-src/src/Engine/NetworkEngine/UdpConnection.cpp">
      </Unit>
      <Unit filename="/home/zequiel/software/c++/meteor-falls/meteor-falls-src/src/Engine/NetworkEngine/clientnetworkengine.cpp">
      </Unit>
      <Unit filename="/home/zequiel/software/c++/meteor-falls/meteor-falls-src/src/Engine/PhysicalEngine/BulletRelationPtr.cpp">
      </Unit>
      <Unit filename="/home/zequiel/software/c++/meteor-falls/meteor-falls-src/src/Engine/PhysicalEngine/PhysicalEngine.cpp">
      </Unit>
      <Unit filename="/home/zequiel/software/c++/meteor-falls/meteor-falls-src/src/Engine/ScriptEngine/LuaScript.cpp">
      </Unit>
      <Unit filename="/home/zequiel/software/c++/meteor-falls/meteor-falls-src/src/Engine/ScriptEngine/MeshManager.cpp">
      </Unit>
      <Unit filename="/home/zequiel/software/c++/meteor-falls/meteor-falls-src/src/Engine/ScriptEngine/ScriptEngine.cpp">
      </Unit>
      <Unit filename="/home/zequiel/software/c++/meteor-falls/meteor-falls-src/src/Engine/ScriptEngine/XmlDocumentManager.cpp">
      </Unit>
      <Unit filename="/home/zequiel/software/c++/meteor-falls/meteor-falls-src/src/Engine/SoundEngine/Fade.cpp">
      </Unit>
      <Unit filename="/home/zequiel/software/c++/meteor-falls/meteor-falls-src/src/Engine/SoundEngine/Playlist.cpp">
      </Unit>
      <Unit filename="/home/zequiel/software/c++/meteor-falls/meteor-falls-src/src/Engine/SoundEngine/SoundEngine.cpp">
      </Unit>
      <Unit filename="/home/zequiel/software/c++/meteor-falls/meteor-falls-src/src/Engine/SoundEngine/soundbuffermanager.cpp">
      </Unit>
      <Unit filename="/home/zequiel/software/c++/meteor-falls/meteor-falls-src/src/Lua/LuaInterface.cpp">
      </Unit>
      <Unit filename="/home/zequiel/software/c++/meteor-falls/meteor-falls-src/src/State/Command/Command.cpp">
      </Unit>
      <Unit filename="/home/zequiel/software/c++/meteor-falls/meteor-falls-src/src/State/Command/Connect.cpp">
      </Unit>
      <Unit filename="/home/zequiel/software/c++/meteor-falls/meteor-falls-src/src/State/Command/MenuState/ExitMenuState.cpp">
      </Unit>
      <Unit filename="/home/zequiel/software/c++/meteor-falls/meteor-falls-src/src/State/Command/MenuState/LoginMenuState.cpp">
      </Unit>
      <Unit filename="/home/zequiel/software/c++/meteor-falls/meteor-falls-src/src/State/Console.cpp">
      </Unit>
      <Unit filename="/home/zequiel/software/c++/meteor-falls/meteor-falls-src/src/State/Game/GameState.cpp">
      </Unit>
      <Unit filename="/home/zequiel/software/c++/meteor-falls/meteor-falls-src/src/State/Menu/CreditState.cpp">
      </Unit>
      <Unit filename="/home/zequiel/software/c++/meteor-falls/meteor-falls-src/src/State/Menu/LanLoginState.cpp">
      </Unit>
      <Unit filename="/home/zequiel/software/c++/meteor-falls/meteor-falls-src/src/State/Menu/LoginState.cpp">
      </Unit>
      <Unit filename="/home/zequiel/software/c++/meteor-falls/meteor-falls-src/src/State/Menu/MenuState.cpp">
      </Unit>
      <Unit filename="/home/zequiel/software/c++/meteor-falls/meteor-falls-src/src/State/Menu/OptionState.cpp">
      </Unit>
      <Unit filename="/home/zequiel/software/c++/meteor-falls/meteor-falls-src/src/State/Menu/ServerList.cpp">
      </Unit>
      <Unit filename="/home/zequiel/software/c++/meteor-falls/meteor-falls-src/src/State/Option/CommandSetting.cpp">
      </Unit>
      <Unit filename="/home/zequiel/software/c++/meteor-falls/meteor-falls-src/src/State/Option/GraphicSetting.cpp">
      </Unit>
      <Unit filename="/home/zequiel/software/c++/meteor-falls/meteor-falls-src/src/State/Option/SoundSetting.cpp">
      </Unit>
      <Unit filename="/home/zequiel/software/c++/meteor-falls/meteor-falls-src/src/State/ServerState/ServerState.cpp">
      </Unit>
      <Unit filename="/home/zequiel/software/c++/meteor-falls/meteor-falls-src/src/State/State.cpp">
      </Unit>
      <Unit filename="/home/zequiel/software/c++/meteor-falls/meteor-falls-src/src/State/StateManager.cpp">
      </Unit>
      <Unit filename="/home/zequiel/software/c++/meteor-falls/meteor-falls-src/src/UnitTest/Tests/ApplicationParametersTest.cpp">
      </Unit>
      <Unit filename="/home/zequiel/software/c++/meteor-falls/meteor-falls-src/src/UnitTest/Tests/NetworkEngineTest.cpp">
      </Unit>
      <Unit filename="/home/zequiel/software/c++/meteor-falls/meteor-falls-src/src/UnitTest/Tests/SoundEngineTest.cpp">
      </Unit>
      <Unit filename="/home/zequiel/software/c++/meteor-falls/meteor-falls-src/src/Utils/Clock.cpp">
      </Unit>
      <Unit filename="/home/zequiel/software/c++/meteor-falls/meteor-falls-src/src/Utils/Configuration/CommandConfig.cpp">
      </Unit>
      <Unit filename="/home/zequiel/software/c++/meteor-falls/meteor-falls-src/src/Utils/Configuration/GraphicConfig.cpp">
      </Unit>
      <Unit filename="/home/zequiel/software/c++/meteor-falls/meteor-falls-src/src/Utils/Configuration/SoundConfig.cpp">
      </Unit>
      <Unit filename="/home/zequiel/software/c++/meteor-falls/meteor-falls-src/src/Utils/DataChecksum.cpp">
      </Unit>
      <Unit filename="/home/zequiel/software/c++/meteor-falls/meteor-falls-src/src/Utils/Exception/BasicException.cpp">
      </Unit>
      <Unit filename="/home/zequiel/software/c++/meteor-falls/meteor-falls-src/src/Utils/Exception/FileNotFound.cpp">
      </Unit>
      <Unit filename="/home/zequiel/software/c++/meteor-falls/meteor-falls-src/src/Utils/File.cpp">
      </Unit>
      <Unit filename="/home/zequiel/software/c++/meteor-falls/meteor-falls-src/src/Utils/MessageDialog.cpp">
      </Unit>
      <Unit filename="/home/zequiel/software/c++/meteor-falls/meteor-falls-src/src/Utils/Physique/bChunk.cpp">
      </Unit>
      <Unit filename="/home/zequiel/software/c++/meteor-falls/meteor-falls-src/src/Utils/Physique/bDNA.cpp">
      </Unit>
      <Unit filename="/home/zequiel/software/c++/meteor-falls/meteor-falls-src/src/Utils/Physique/bFile.cpp">
      </Unit>
      <Unit filename="/home/zequiel/software/c++/meteor-falls/meteor-falls-src/src/Utils/Physique/btBulletFile.cpp">
      </Unit>
      <Unit filename="/home/zequiel/software/c++/meteor-falls/meteor-falls-src/src/Utils/Quaternion.cpp">
      </Unit>
      <Unit filename="/home/zequiel/software/c++/meteor-falls/meteor-falls-src/src/Utils/Random.cpp">
      </Unit>
      <Unit filename="/home/zequiel/software/c++/meteor-falls/meteor-falls-src/src/Utils/ResourceGroup.cpp">
      </Unit>
      <Unit filename="/home/zequiel/software/c++/meteor-falls/meteor-falls-src/src/Utils/ResourceGroupManager.cpp">
      </Unit>
      <Unit filename="/home/zequiel/software/c++/meteor-falls/meteor-falls-src/src/Utils/Vector3D.cpp">
      </Unit>
      <Unit filename="/home/zequiel/software/c++/meteor-falls/meteor-falls-src/src/Utils/Xml.cpp">
      </Unit>
      <Unit filename="/home/zequiel/software/c++/meteor-falls/meteor-falls-src/src/Utils/btBulletWorldImporter.cpp">
      </Unit>
      <Unit filename="/home/zequiel/software/c++/meteor-falls/meteor-falls-src/src/main.cpp">
      </Unit>
      <Unit filename="/home/zequiel/software/c++/meteor-falls/GlobalServer/src/Admin.h">
      </Unit>
      <Unit filename="/home/zequiel/software/c++/meteor-falls/GlobalServer/src/Player.h">
      </Unit>
      <Unit filename="/home/zequiel/software/c++/meteor-falls/GlobalServer/src/Server.h">
      </Unit>
      <Unit filename="/home/zequiel/software/c++/meteor-falls/meteor-falls-src/src/.syntastic_cpp_config">
      </Unit>
      <Unit filename="/home/zequiel/software/c++/meteor-falls/meteor-falls-src/src/.syntastic_cpp_config~">
      </Unit>
      <Unit filename="/home/zequiel/software/c++/meteor-falls/meteor-falls-src/src/Application/application.h">
      </Unit>
      <Unit filename="/home/zequiel/software/c++/meteor-falls/meteor-falls-src/src/Application/applicationparameters.h">
      </Unit>
      <Unit filename="/home/zequiel/software/c++/meteor-falls/meteor-falls-src/src/Application/parameterparserexception.h">
      </Unit>
      <Unit filename="/home/zequiel/software/c++/meteor-falls/meteor-falls-src/src/Engine/Engine.h">
      </Unit>
      <Unit filename="/home/zequiel/software/c++/meteor-falls/meteor-falls-src/src/Engine/EngineManager/EngineManager.h">
      </Unit>
      <Unit filename="/home/zequiel/software/c++/meteor-falls/meteor-falls-src/src/Engine/EngineMessage/EngineMessage.h">
      </Unit>
      <Unit filename="/home/zequiel/software/c++/meteor-falls/meteor-falls-src/src/Engine/EngineMessage/EngineMessageKey.h">
      </Unit>
      <Unit filename="/home/zequiel/software/c++/meteor-falls/meteor-falls-src/src/Engine/EngineMessage/EngineMessageType.h">
      </Unit>
      <Unit filename="/home/zequiel/software/c++/meteor-falls/meteor-falls-src/src/Engine/EngineType.h">
      </Unit>
      <Unit filename="/home/zequiel/software/c++/meteor-falls/meteor-falls-src/src/Engine/GameEngine/Camera/Camera.h">
      </Unit>
      <Unit filename="/home/zequiel/software/c++/meteor-falls/meteor-falls-src/src/Engine/GameEngine/Camera/CameraFPS.h">
      </Unit>
      <Unit filename="/home/zequiel/software/c++/meteor-falls/meteor-falls-src/src/Engine/GameEngine/Camera/CameraLibre.h">
      </Unit>
      <Unit filename="/home/zequiel/software/c++/meteor-falls/meteor-falls-src/src/Engine/GameEngine/Camera/CameraManager.h">
      </Unit>
      <Unit filename="/home/zequiel/software/c++/meteor-falls/meteor-falls-src/src/Engine/GameEngine/Camera/CameraRPG.h">
      </Unit>
      <Unit filename="/home/zequiel/software/c++/meteor-falls/meteor-falls-src/src/Engine/GameEngine/Camera/CameraRTS.h">
      </Unit>
      <Unit filename="/home/zequiel/software/c++/meteor-falls/meteor-falls-src/src/Engine/GameEngine/ClientGameEngine.h">
      </Unit>
      <Unit filename="/home/zequiel/software/c++/meteor-falls/meteor-falls-src/src/Engine/GameEngine/Degats/Armure.h">
      </Unit>
      <Unit filename="/home/zequiel/software/c++/meteor-falls/meteor-falls-src/src/Engine/GameEngine/Degats/Degat.h">
      </Unit>
      <Unit filename="/home/zequiel/software/c++/meteor-falls/meteor-falls-src/src/Engine/GameEngine/Degats/DegatManager.h">
      </Unit>
      <Unit filename="/home/zequiel/software/c++/meteor-falls/meteor-falls-src/src/Engine/GameEngine/Degats/typedefs.h">
      </Unit>
      <Unit filename="/home/zequiel/software/c++/meteor-falls/meteor-falls-src/src/Engine/GameEngine/Factions/Equipe.h">
      </Unit>
      <Unit filename="/home/zequiel/software/c++/meteor-falls/meteor-falls-src/src/Engine/GameEngine/Factions/Faction.h">
      </Unit>
      <Unit filename="/home/zequiel/software/c++/meteor-falls/meteor-falls-src/src/Engine/GameEngine/Factions/FactionManager.h">
      </Unit>
      <Unit filename="/home/zequiel/software/c++/meteor-falls/meteor-falls-src/src/Engine/GameEngine/GameEngine.h">
      </Unit>
      <Unit filename="/home/zequiel/software/c++/meteor-falls/meteor-falls-src/src/Engine/GameEngine/Heros/Avatar.h">
      </Unit>
      <Unit filename="/home/zequiel/software/c++/meteor-falls/meteor-falls-src/src/Engine/GameEngine/Heros/ClasseHero.h">
      </Unit>
      <Unit filename="/home/zequiel/software/c++/meteor-falls/meteor-falls-src/src/Engine/GameEngine/Heros/ClasseHeroManager.h">
      </Unit>
      <Unit filename="/home/zequiel/software/c++/meteor-falls/meteor-falls-src/src/Engine/GameEngine/Heros/Hero.h">
      </Unit>
      <Unit filename="/home/zequiel/software/c++/meteor-falls/meteor-falls-src/src/Engine/GameEngine/Heros/HeroListener.h">
      </Unit>
      <Unit filename="/home/zequiel/software/c++/meteor-falls/meteor-falls-src/src/Engine/GameEngine/Heros/HeroView.h">
      </Unit>
      <Unit filename="/home/zequiel/software/c++/meteor-falls/meteor-falls-src/src/Engine/GameEngine/Interface/Chat.h">
      </Unit>
      <Unit filename="/home/zequiel/software/c++/meteor-falls/meteor-falls-src/src/Engine/GameEngine/Joueur/Joueur.h">
      </Unit>
      <Unit filename="/home/zequiel/software/c++/meteor-falls/meteor-falls-src/src/Engine/GameEngine/Joueur/JoueurLan.h">
      </Unit>
      <Unit filename="/home/zequiel/software/c++/meteor-falls/meteor-falls-src/src/Engine/GameEngine/Joueur/JoueurRPG.h">
      </Unit>
      <Unit filename="/home/zequiel/software/c++/meteor-falls/meteor-falls-src/src/Engine/GameEngine/Joueur/JoueurRTS.h">
      </Unit>
      <Unit filename="/home/zequiel/software/c++/meteor-falls/meteor-falls-src/src/Engine/GameEngine/Joueur/JoueurWan.h">
      </Unit>
      <Unit filename="/home/zequiel/software/c++/meteor-falls/meteor-falls-src/src/Engine/GameEngine/Layout/layoutRPG.h">
      </Unit>
      <Unit filename="/home/zequiel/software/c++/meteor-falls/meteor-falls-src/src/Engine/GameEngine/Layout/layoutRTS.h">
      </Unit>
      <Unit filename="/home/zequiel/software/c++/meteor-falls/meteor-falls-src/src/Engine/GameEngine/Map/Map.h">
      </Unit>
      <Unit filename="/home/zequiel/software/c++/meteor-falls/meteor-falls-src/src/Engine/GameEngine/Map/MapListener.h">
      </Unit>
      <Unit filename="/home/zequiel/software/c++/meteor-falls/meteor-falls-src/src/Engine/GameEngine/Map/MapView.h">
      </Unit>
      <Unit filename="/home/zequiel/software/c++/meteor-falls/meteor-falls-src/src/Engine/GameEngine/Map/ObjetTerrain.h">
      </Unit>
      <Unit filename="/home/zequiel/software/c++/meteor-falls/meteor-falls-src/src/Engine/GameEngine/Map/WorldObject.h">
      </Unit>
      <Unit filename="/home/zequiel/software/c++/meteor-falls/meteor-falls-src/src/Engine/GameEngine/Map/WorldObjectListener.h">
      </Unit>
      <Unit filename="/home/zequiel/software/c++/meteor-falls/meteor-falls-src/src/Engine/GameEngine/Map/WorldObjectManager.h">
      </Unit>
      <Unit filename="/home/zequiel/software/c++/meteor-falls/meteor-falls-src/src/Engine/GameEngine/Map/WorldObjectType.h">
      </Unit>
      <Unit filename="/home/zequiel/software/c++/meteor-falls/meteor-falls-src/src/Engine/GameEngine/Map/WorldObjectView.h">
      </Unit>
      <Unit filename="/home/zequiel/software/c++/meteor-falls/meteor-falls-src/src/Engine/GameEngine/Preface/SpawnState.h">
      </Unit>
      <Unit filename="/home/zequiel/software/c++/meteor-falls/meteor-falls-src/src/Engine/GameEngine/Preface/TeamList.h">
      </Unit>
      <Unit filename="/home/zequiel/software/c++/meteor-falls/meteor-falls-src/src/Engine/GameEngine/Preface/TeamState.h">
      </Unit>
      <Unit filename="/home/zequiel/software/c++/meteor-falls/meteor-falls-src/src/Engine/GameEngine/Recherches/Recherche.h">
      </Unit>
      <Unit filename="/home/zequiel/software/c++/meteor-falls/meteor-falls-src/src/Engine/GameEngine/Ressources/Ressources.h">
      </Unit>
      <Unit filename="/home/zequiel/software/c++/meteor-falls/meteor-falls-src/src/Engine/GameEngine/ServerGameEngine.h">
      </Unit>
      <Unit filename="/home/zequiel/software/c++/meteor-falls/meteor-falls-src/src/Engine/GameEngine/Unites/Aerien.h">
      </Unit>
      <Unit filename="/home/zequiel/software/c++/meteor-falls/meteor-falls-src/src/Engine/GameEngine/Unites/Batiment.h">
      </Unit>
      <Unit filename="/home/zequiel/software/c++/meteor-falls/meteor-falls-src/src/Engine/GameEngine/Unites/BatimentView.h">
      </Unit>
      <Unit filename="/home/zequiel/software/c++/meteor-falls/meteor-falls-src/src/Engine/GameEngine/Unites/Builder/BasicUniteBuilder.h">
      </Unit>
      <Unit filename="/home/zequiel/software/c++/meteor-falls/meteor-falls-src/src/Engine/GameEngine/Unites/Builder/HeroBuilder.h">
      </Unit>
      <Unit filename="/home/zequiel/software/c++/meteor-falls/meteor-falls-src/src/Engine/GameEngine/Unites/Builder/UniteBuilder.h">
      </Unit>
      <Unit filename="/home/zequiel/software/c++/meteor-falls/meteor-falls-src/src/Engine/GameEngine/Unites/ClientUniteFactory.h">
      </Unit>
      <Unit filename="/home/zequiel/software/c++/meteor-falls/meteor-falls-src/src/Engine/GameEngine/Unites/Mobile.h">
      </Unit>
      <Unit filename="/home/zequiel/software/c++/meteor-falls/meteor-falls-src/src/Engine/GameEngine/Unites/ServerUniteFactory.h">
      </Unit>
      <Unit filename="/home/zequiel/software/c++/meteor-falls/meteor-falls-src/src/Engine/GameEngine/Unites/Terrestre.h">
      </Unit>
      <Unit filename="/home/zequiel/software/c++/meteor-falls/meteor-falls-src/src/Engine/GameEngine/Unites/TypeUnite.h">
      </Unit>
      <Unit filename="/home/zequiel/software/c++/meteor-falls/meteor-falls-src/src/Engine/GameEngine/Unites/Unite.h">
      </Unit>
      <Unit filename="/home/zequiel/software/c++/meteor-falls/meteor-falls-src/src/Engine/GameEngine/Unites/UniteFactory.h">
      </Unit>
      <Unit filename="/home/zequiel/software/c++/meteor-falls/meteor-falls-src/src/Engine/GameEngine/Unites/UniteView.h">
      </Unit>
      <Unit filename="/home/zequiel/software/c++/meteor-falls/meteor-falls-src/src/Engine/GameEngine/Unites/typedefs.h">
      </Unit>
      <Unit filename="/home/zequiel/software/c++/meteor-falls/meteor-falls-src/src/Engine/GraphicEngine/GraphicEngine.h">
      </Unit>
      <Unit filename="/home/zequiel/software/c++/meteor-falls/meteor-falls-src/src/Engine/GraphicEngine/Ogre/GetMeshInformation.h">
      </Unit>
      <Unit filename="/home/zequiel/software/c++/meteor-falls/meteor-falls-src/src/Engine/GraphicEngine/Ogre/LoadingListener.h">
      </Unit>
      <Unit filename="/home/zequiel/software/c++/meteor-falls/meteor-falls-src/src/Engine/GraphicEngine/Ogre/LoadingScreen.h">
      </Unit>
      <Unit filename="/home/zequiel/software/c++/meteor-falls/meteor-falls-src/src/Engine/GraphicEngine/Ogre/OgreApplication.h">
      </Unit>
      <Unit filename="/home/zequiel/software/c++/meteor-falls/meteor-falls-src/src/Engine/GraphicEngine/Ogre/OgreWindowInputManager.h">
      </Unit>
      <Unit filename="/home/zequiel/software/c++/meteor-falls/meteor-falls-src/src/Engine/GraphicEngine/Ogre/RepeatKey.h">
      </Unit>
      <Unit filename="/home/zequiel/software/c++/meteor-falls/meteor-falls-src/src/Engine/GraphicEngine/Ogre/ogrecontextmanager.h">
      </Unit>
      <Unit filename="/home/zequiel/software/c++/meteor-falls/meteor-falls-src/src/Engine/NetworkEngine/ClientLogin.h">
      </Unit>
      <Unit filename="/home/zequiel/software/c++/meteor-falls/meteor-falls-src/src/Engine/NetworkEngine/ClientNetworkEngineLan.h">
      </Unit>
      <Unit filename="/home/zequiel/software/c++/meteor-falls/meteor-falls-src/src/Engine/NetworkEngine/Connection.h">
      </Unit>
      <Unit filename="/home/zequiel/software/c++/meteor-falls/meteor-falls-src/src/Engine/NetworkEngine/NetworkEngine.h">
      </Unit>
      <Unit filename="/home/zequiel/software/c++/meteor-falls/meteor-falls-src/src/Engine/NetworkEngine/NetworkIpAdressFinder.h">
      </Unit>
      <Unit filename="/home/zequiel/software/c++/meteor-falls/meteor-falls-src/src/Engine/NetworkEngine/ServerClient.h">
      </Unit>
      <Unit filename="/home/zequiel/software/c++/meteor-falls/meteor-falls-src/src/Engine/NetworkEngine/ServerNetworkEngine.h">
      </Unit>
      <Unit filename="/home/zequiel/software/c++/meteor-falls/meteor-falls-src/src/Engine/NetworkEngine/ServerNetworkEngineLan.h">
      </Unit>
      <Unit filename="/home/zequiel/software/c++/meteor-falls/meteor-falls-src/src/Engine/NetworkEngine/ServerNetworkEngineWan.h">
      </Unit>
      <Unit filename="/home/zequiel/software/c++/meteor-falls/meteor-falls-src/src/Engine/NetworkEngine/SslConnection.h">
      </Unit>
      <Unit filename="/home/zequiel/software/c++/meteor-falls/meteor-falls-src/src/Engine/NetworkEngine/TcpConnection.h">
      </Unit>
      <Unit filename="/home/zequiel/software/c++/meteor-falls/meteor-falls-src/src/Engine/NetworkEngine/UdpConnection.h">
      </Unit>
      <Unit filename="/home/zequiel/software/c++/meteor-falls/meteor-falls-src/src/Engine/NetworkEngine/clientnetworkengine.h">
      </Unit>
      <Unit filename="/home/zequiel/software/c++/meteor-falls/meteor-falls-src/src/Engine/PhysicalEngine/BulletRelationPtr.h">
      </Unit>
      <Unit filename="/home/zequiel/software/c++/meteor-falls/meteor-falls-src/src/Engine/PhysicalEngine/PhysicalEngine.h">
      </Unit>
      <Unit filename="/home/zequiel/software/c++/meteor-falls/meteor-falls-src/src/Engine/ScriptEngine/LuaFunction.h">
      </Unit>
      <Unit filename="/home/zequiel/software/c++/meteor-falls/meteor-falls-src/src/Engine/ScriptEngine/LuaScript.h">
      </Unit>
      <Unit filename="/home/zequiel/software/c++/meteor-falls/meteor-falls-src/src/Engine/ScriptEngine/MeshManager.h">
      </Unit>
      <Unit filename="/home/zequiel/software/c++/meteor-falls/meteor-falls-src/src/Engine/ScriptEngine/ScriptEngine.h">
      </Unit>
      <Unit filename="/home/zequiel/software/c++/meteor-falls/meteor-falls-src/src/Engine/ScriptEngine/XmlDocumentManager.h">
      </Unit>
      <Unit filename="/home/zequiel/software/c++/meteor-falls/meteor-falls-src/src/Engine/SoundEngine/Fade.h">
      </Unit>
      <Unit filename="/home/zequiel/software/c++/meteor-falls/meteor-falls-src/src/Engine/SoundEngine/Playlist.h">
      </Unit>
      <Unit filename="/home/zequiel/software/c++/meteor-falls/meteor-falls-src/src/Engine/SoundEngine/SoundEngine.h">
      </Unit>
      <Unit filename="/home/zequiel/software/c++/meteor-falls/meteor-falls-src/src/Engine/SoundEngine/TODO">
      </Unit>
      <Unit filename="/home/zequiel/software/c++/meteor-falls/meteor-falls-src/src/Engine/SoundEngine/TODO~">
      </Unit>
      <Unit filename="/home/zequiel/software/c++/meteor-falls/meteor-falls-src/src/Engine/SoundEngine/soundbuffermanager.h">
      </Unit>
      <Unit filename="/home/zequiel/software/c++/meteor-falls/meteor-falls-src/src/Lua/Application.pkg">
      </Unit>
      <Unit filename="/home/zequiel/software/c++/meteor-falls/meteor-falls-src/src/Lua/LuaInterface.h">
      </Unit>
      <Unit filename="/home/zequiel/software/c++/meteor-falls/meteor-falls-src/src/Lua/LuaInterface.pkg">
      </Unit>
      <Unit filename="/home/zequiel/software/c++/meteor-falls/meteor-falls-src/src/Lua/ServerList.pkg">
      </Unit>
      <Unit filename="/home/zequiel/software/c++/meteor-falls/meteor-falls-src/src/Lua/State.pkg">
      </Unit>
      <Unit filename="/home/zequiel/software/c++/meteor-falls/meteor-falls-src/src/State/Command/Command.h">
      </Unit>
      <Unit filename="/home/zequiel/software/c++/meteor-falls/meteor-falls-src/src/State/Command/Connect.h">
      </Unit>
      <Unit filename="/home/zequiel/software/c++/meteor-falls/meteor-falls-src/src/State/Command/MenuState/ExitMenuState.h">
      </Unit>
      <Unit filename="/home/zequiel/software/c++/meteor-falls/meteor-falls-src/src/State/Command/MenuState/LoginMenuState.h">
      </Unit>
      <Unit filename="/home/zequiel/software/c++/meteor-falls/meteor-falls-src/src/State/Console.h">
      </Unit>
      <Unit filename="/home/zequiel/software/c++/meteor-falls/meteor-falls-src/src/State/Game/GameState.h">
      </Unit>
      <Unit filename="/home/zequiel/software/c++/meteor-falls/meteor-falls-src/src/State/Menu/CreditState.h">
      </Unit>
      <Unit filename="/home/zequiel/software/c++/meteor-falls/meteor-falls-src/src/State/Menu/LanLoginState.h">
      </Unit>
      <Unit filename="/home/zequiel/software/c++/meteor-falls/meteor-falls-src/src/State/Menu/LoginState.h">
      </Unit>
      <Unit filename="/home/zequiel/software/c++/meteor-falls/meteor-falls-src/src/State/Menu/MenuState.cpp~">
      </Unit>
      <Unit filename="/home/zequiel/software/c++/meteor-falls/meteor-falls-src/src/State/Menu/MenuState.h">
      </Unit>
      <Unit filename="/home/zequiel/software/c++/meteor-falls/meteor-falls-src/src/State/Menu/OptionState.h">
      </Unit>
      <Unit filename="/home/zequiel/software/c++/meteor-falls/meteor-falls-src/src/State/Menu/ServerList.h">
      </Unit>
      <Unit filename="/home/zequiel/software/c++/meteor-falls/meteor-falls-src/src/State/Option/CommandSetting.h">
      </Unit>
      <Unit filename="/home/zequiel/software/c++/meteor-falls/meteor-falls-src/src/State/Option/GraphicSetting.h">
      </Unit>
      <Unit filename="/home/zequiel/software/c++/meteor-falls/meteor-falls-src/src/State/Option/SoundSetting.h">
      </Unit>
      <Unit filename="/home/zequiel/software/c++/meteor-falls/meteor-falls-src/src/State/ServerState/ServerState.h">
      </Unit>
      <Unit filename="/home/zequiel/software/c++/meteor-falls/meteor-falls-src/src/State/State.h">
      </Unit>
      <Unit filename="/home/zequiel/software/c++/meteor-falls/meteor-falls-src/src/State/StateManager.h">
      </Unit>
      <Unit filename="/home/zequiel/software/c++/meteor-falls/meteor-falls-src/src/UnitTest/UnitTest.h">
      </Unit>
      <Unit filename="/home/zequiel/software/c++/meteor-falls/meteor-falls-src/src/Utils/Clock.h">
      </Unit>
      <Unit filename="/home/zequiel/software/c++/meteor-falls/meteor-falls-src/src/Utils/Configuration/CommandConfig.h">
      </Unit>
      <Unit filename="/home/zequiel/software/c++/meteor-falls/meteor-falls-src/src/Utils/Configuration/Config.h">
      </Unit>
      <Unit filename="/home/zequiel/software/c++/meteor-falls/meteor-falls-src/src/Utils/Configuration/GraphicConfig.h">
      </Unit>
      <Unit filename="/home/zequiel/software/c++/meteor-falls/meteor-falls-src/src/Utils/Configuration/SoundConfig.h">
      </Unit>
      <Unit filename="/home/zequiel/software/c++/meteor-falls/meteor-falls-src/src/Utils/DataChecksum.h">
      </Unit>
      <Unit filename="/home/zequiel/software/c++/meteor-falls/meteor-falls-src/src/Utils/Exception/BasicException.h">
      </Unit>
      <Unit filename="/home/zequiel/software/c++/meteor-falls/meteor-falls-src/src/Utils/Exception/FileNotFound.h">
      </Unit>
      <Unit filename="/home/zequiel/software/c++/meteor-falls/meteor-falls-src/src/Utils/File.h">
      </Unit>
      <Unit filename="/home/zequiel/software/c++/meteor-falls/meteor-falls-src/src/Utils/MessageDialog.h">
      </Unit>
      <Unit filename="/home/zequiel/software/c++/meteor-falls/meteor-falls-src/src/Utils/Physique/bChunk.h">
      </Unit>
      <Unit filename="/home/zequiel/software/c++/meteor-falls/meteor-falls-src/src/Utils/Physique/bCommon.h">
      </Unit>
      <Unit filename="/home/zequiel/software/c++/meteor-falls/meteor-falls-src/src/Utils/Physique/bDNA.h">
      </Unit>
      <Unit filename="/home/zequiel/software/c++/meteor-falls/meteor-falls-src/src/Utils/Physique/bDefines.h">
      </Unit>
      <Unit filename="/home/zequiel/software/c++/meteor-falls/meteor-falls-src/src/Utils/Physique/bFile.h">
      </Unit>
      <Unit filename="/home/zequiel/software/c++/meteor-falls/meteor-falls-src/src/Utils/Physique/btBulletFile.h">
      </Unit>
      <Unit filename="/home/zequiel/software/c++/meteor-falls/meteor-falls-src/src/Utils/Quaternion.h">
      </Unit>
      <Unit filename="/home/zequiel/software/c++/meteor-falls/meteor-falls-src/src/Utils/Random.h">
      </Unit>
      <Unit filename="/home/zequiel/software/c++/meteor-falls/meteor-falls-src/src/Utils/ResourceGroup.h">
      </Unit>
      <Unit filename="/home/zequiel/software/c++/meteor-falls/meteor-falls-src/src/Utils/ResourceGroupManager.h">
      </Unit>
      <Unit filename="/home/zequiel/software/c++/meteor-falls/meteor-falls-src/src/Utils/Vector3D.h">
      </Unit>
      <Unit filename="/home/zequiel/software/c++/meteor-falls/meteor-falls-src/src/Utils/Xml.h">
      </Unit>
      <Unit filename="/home/zequiel/software/c++/meteor-falls/meteor-falls-src/src/Utils/btBulletWorldImporter.h">
      </Unit>
      <Unit filename="/home/zequiel/software/c++/meteor-falls/meteor-falls-src/src/Utils/singleton.h">
      </Unit>
      <Unit filename="/home/zequiel/software/c++/meteor-falls/meteor-falls-src/src/precompiled/_rapidxml.h">
      </Unit>
      <Unit filename="/home/zequiel/software/c++/meteor-falls/meteor-falls-src/src/precompiled/_rapidxml.h.gch">
      </Unit>
      <Unit filename="/home/zequiel/software/c++/meteor-falls/meteor-falls-src/src/precompiled/asio.h">
      </Unit>
      <Unit filename="/home/zequiel/software/c++/meteor-falls/meteor-falls-src/src/precompiled/asio.h.gch">
      </Unit>
      <Unit filename="/home/zequiel/software/c++/meteor-falls/meteor-falls-src/src/precompiled/bind.h">
      </Unit>
      <Unit filename="/home/zequiel/software/c++/meteor-falls/meteor-falls-src/src/precompiled/bind.h.gch">
      </Unit>
      <Unit filename="/home/zequiel/software/c++/meteor-falls/meteor-falls-src/src/precompiled/lexical_cast.h">
      </Unit>
      <Unit filename="/home/zequiel/software/c++/meteor-falls/meteor-falls-src/src/precompiled/lexical_cast.h.gch">
      </Unit>
      <Unit filename="/home/zequiel/software/c++/meteor-falls/meteor-falls-src/src/precompiled/serialization.h">
      </Unit>
      <Unit filename="/home/zequiel/software/c++/meteor-falls/meteor-falls-src/src/precompiled/serialization.h.gch">
      </Unit>
      <Unit filename="/home/zequiel/software/c++/meteor-falls/meteor-falls-src/src/precompiled/sfml_audio.h">
      </Unit>
      <Unit filename="/home/zequiel/software/c++/meteor-falls/meteor-falls-src/src/precompiled/sfml_audio.h.gch">
      </Unit>
      <Unit filename="/home/zequiel/software/c++/meteor-falls/meteor-falls-src/src/precompiled/sfml_system.h">
      </Unit>
      <Unit filename="/home/zequiel/software/c++/meteor-falls/meteor-falls-src/src/precompiled/sfml_system.h.gch">
      </Unit>
      <Unit filename="/home/zequiel/software/c++/meteor-falls/meteor-falls-src/src/precompiled/shared_ptr.h">
      </Unit>
      <Unit filename="/home/zequiel/software/c++/meteor-falls/meteor-falls-src/src/precompiled/shared_ptr.h.gch">
      </Unit>
      <Unit filename="/home/zequiel/software/c++/meteor-falls/meteor-falls-src/src/version.h">
      </Unit>
      <Unit filename="/home/zequiel/software/c++/meteor-falls/meteor-falls-src/CMakeLists.txt">
          <Option virtualFolder="CMake Files\" />
      </Unit>
   </Project>
</CodeBlocks_project_file>
